
Microsoft Visual Studio Solution File, Format Version 12.00
# Visual Studio 15
VisualStudioVersion = 15.0.28010.2046
MinimumVisualStudioVersion = 10.0.40219.1
Project("{FAE04EC0-301F-11D3-BF4B-00C04F79EFBC}") = "WorkOutApp", "WorkOutApp\WorkOutApp.csproj", "{4D670191-0561-4BEF-AD73-BB102E60B53E}"
EndProject
Global
	GlobalSection(SolutionConfigurationPlatforms) = preSolution
		Debug|Any CPU = Debug|Any CPU
		Release|Any CPU = Release|Any CPU
	EndGlobalSection
	GlobalSection(ProjectConfigurationPlatforms) = postSolution
		{4D670191-0561-4BEF-AD73-BB102E60B53E}.Debug|Any CPU.ActiveCfg = Debug|Any CPU
		{4D670191-0561-4BEF-AD73-BB102E60B53E}.Debug|Any CPU.Build.0 = Debug|Any CPU
		{4D670191-0561-4BEF-AD73-BB102E60B53E}.Release|Any CPU.ActiveCfg = Release|Any CPU
		{4D670191-0561-4BEF-AD73-BB102E60B53E}.Release|Any CPU.Build.0 = Release|Any CPU
	EndGlobalSection
	GlobalSection(SolutionProperties) = preSolution
		HideSolutionNode = FALSE
	EndGlobalSection
	GlobalSection(ExtensibilityGlobals) = postSolution
		SolutionGuid = {51C50EEE-88FE-4047-BE98-BD0F4FF8FFBF}
	EndGlobalSection
EndGlobal
